// !$*UTF8*$!
{
	archiveVersion = 1;
	classes = {
	};
	objectVersion = 48;
	objects = {

/* Begin PBXBuildFile section */
		BCC7E95B201B7BE9006100AB /* AppDelegate.swift in Sources */ = {isa = PBXBuildFile; fileRef = BCC7E95A201B7BE9006100AB /* AppDelegate.swift */; };
		BCC7E95D201B7BE9006100AB /* ViewController.swift in Sources */ = {isa = PBXBuildFile; fileRef = BCC7E95C201B7BE9006100AB /* ViewController.swift */; };
		BCC7E960201B7BE9006100AB /* Main.storyboard in Resources */ = {isa = PBXBuildFile; fileRef = BCC7E95E201B7BE9006100AB /* Main.storyboard */; };
		BCC7E962201B7BE9006100AB /* Assets.xcassets in Resources */ = {isa = PBXBuildFile; fileRef = BCC7E961201B7BE9006100AB /* Assets.xcassets */; };
		BCC7E965201B7BE9006100AB /* LaunchScreen.storyboard in Resources */ = {isa = PBXBuildFile; fileRef = BCC7E963201B7BE9006100AB /* LaunchScreen.storyboard */; };
/* End PBXBuildFile section */

/* Begin PBXFileReference section */
		BCC7E957201B7BE9006100AB /* 6_GettingCurrentDateTime.app */ = {isa = PBXFileReference; explicitFileType = wrapper.application; includeInIndex = 0; path = 6_GettingCurrentDateTime.app; sourceTree = BUILT_PRODUCTS_DIR; };
		BCC7E95A201B7BE9006100AB /* AppDelegate.swift */ = {isa = PBXFileReference; lastKnownFileType = sourcecode.swift; path = AppDelegate.swift; sourceTree = "<group>"; };
		BCC7E95C201B7BE9006100AB /* ViewController.swift */ = {isa = PBXFileReference; lastKnownFileType = sourcecode.swift; path = ViewController.swift; sourceTree = "<group>"; };
		BCC7E95F201B7BE9006100AB /* Base */ = {isa = PBXFileReference; lastKnownFileType = file.storyboard; name = Base; path = Base.lproj/Main.storyboard; sourceTree = "<group>"; };
		BCC7E961201B7BE9006100AB /* Assets.xcassets */ = {isa = PBXFileReference; lastKnownFileType = folder.assetcatalog; path = Assets.xcassets; sourceTree = "<group>"; };
		BCC7E964201B7BE9006100AB /* Base */ = {isa = PBXFileReference; lastKnownFileType = file.storyboard; name = Base; path = Base.lproj/LaunchScreen.storyboard; sourceTree = "<group>"; };
		BCC7E966201B7BE9006100AB /* Info.plist */ = {isa = PBXFileReference; lastKnownFileType = text.plist.xml; path = Info.plist; sourceTree = "<group>"; };
/* End PBXFileReference section */

/* Begin PBXFrameworksBuildPhase section */
		BCC7E954201B7BE9006100AB /* Frameworks */ = {
			isa = PBXFrameworksBuildPhase;
			buildActionMask = 2147483647;
			files = (
			);
			runOnlyForDeploymentPostprocessing = 0;
		};
/* End PBXFrameworksBuildPhase section */

/* Begin PBXGroup section */
		BCC7E94E201B7BE9006100AB = {
			isa = PBXGroup;
			children = (
				BCC7E959201B7BE9006100AB /* 6_GettingCurrentDateTime */,
				BCC7E958201B7BE9006100AB /* Products */,
			);
			sourceTree = "<group>";
		};
		BCC7E958201B7BE9006100AB /* Products */ = {
			isa = PBXGroup;
			children = (
				BCC7E957201B7BE9006100AB /* 6_GettingCurrentDateTime.app */,
			);
			name = Products;
			sourceTree = "<group>";
		};
		BCC7E959201B7BE9006100AB /* 6_GettingCurrentDateTime */ = {
			isa = PBXGroup;
			children = (
				BCC7E95A201B7BE9006100AB /* AppDelegate.swift */,
				BCC7E95C201B7BE9006100AB /* ViewController.swift */,
				BCC7E95E201B7BE9006100AB /* Main.storyboard */,
				BCC7E961201B7BE9006100AB /* Assets.xcassets */,
				BCC7E963201B7BE9006100AB /* LaunchScreen.storyboard */,
				BCC7E966201B7BE9006100AB /* Info.plist */,
			);
			path = 6_GettingCurrentDateTime;
			sourceTree = "<group>";
		};
/* End PBXGroup section */

/* Begin PBXNativeTarget section */
		BCC7E956201B7BE9006100AB /* 6_GettingCurrentDateTime */ = {
			isa = PBXNativeTarget;
			buildConfigurationList = BCC7E969201B7BE9006100AB /* Build configuration list for PBXNativeTarget "6_GettingCurrentDateTime" */;
			buildPhases = (
				BCC7E953201B7BE9006100AB /* Sources */,
				BCC7E954201B7BE9006100AB /* Frameworks */,
				BCC7E955201B7BE9006100AB /* Resources */,
			);
			buildRules = (
			);
			dependencies = (
			);
			name = 6_GettingCurrentDateTime;
			productName = 6_GettingCurrentDateTime;
			productReference = BCC7E957201B7BE9006100AB /* 6_GettingCurrentDateTime.app */;
			productType = "com.apple.product-type.application";
		};
/* End PBXNativeTarget section */

/* Begin PBXProject section */
		BCC7E94F201B7BE9006100AB /* Project object */ = {
			isa = PBXProject;
			attributes = {
				LastSwiftUpdateCheck = 0920;
				LastUpgradeCheck = 0920;
				ORGANIZATIONNAME = absin.io;
				TargetAttributes = {
					BCC7E956201B7BE9006100AB = {
						CreatedOnToolsVersion = 9.2;
						ProvisioningStyle = Automatic;
					};
				};
			};
			buildConfigurationList = BCC7E952201B7BE9006100AB /* Build configuration list for PBXProject "6_GettingCurrentDateTime" */;
			compatibilityVersion = "Xcode 8.0";
			developmentRegion = en;
			hasScannedForEncodings = 0;
			knownRegions = (
				en,
				Base,
			);
			mainGroup = BCC7E94E201B7BE9006100AB;
			productRefGroup = BCC7E958201B7BE9006100AB /* Products */;
			projectDirPath = "";
			projectRoot = "";
			targets = (
				BCC7E956201B7BE9006100AB /* 6_GettingCurrentDateTime */,
			);
		};
/* End PBXProject section */

/* Begin PBXResourcesBuildPhase section */
		BCC7E955201B7BE9006100AB /* Resources */ = {
			isa = PBXResourcesBuildPhase;
			buildActionMask = 2147483647;
			files = (
				BCC7E965201B7BE9006100AB /* LaunchScreen.storyboard in Resources */,
				BCC7E962201B7BE9006100AB /* Assets.xcassets in Resources */,
				BCC7E960201B7BE9006100AB /* Main.storyboard in Resources */,
			);
			runOnlyForDeploymentPostprocessing = 0;
		};
/* End PBXResourcesBuildPhase section */

/* Begin PBXSourcesBuildPhase section */
		BCC7E953201B7BE9006100AB /* Sources */ = {
			isa = PBXSourcesBuildPhase;
			buildActionMask = 2147483647;
			files = (
				BCC7E95D201B7BE9006100AB /* ViewController.swift in Sources */,
				BCC7E95B201B7BE9006100AB /* AppDelegate.swift in Sources */,
			);
			runOnlyForDeploymentPostprocessing = 0;
		};
/* End PBXSourcesBuildPhase section */

/* Begin PBXVariantGroup section */
		BCC7E95E201B7BE9006100AB /* Main.storyboard */ = {
			isa = PBXVariantGroup;
			children = (
				BCC7E95F201B7BE9006100AB /* Base */,
			);
			name = Main.storyboard;
			sourceTree = "<group>";
		};
		BCC7E963201B7BE9006100AB /* LaunchScreen.storyboard */ = {
			isa = PBXVariantGroup;
			children = (
				BCC7E964201B7BE9006100AB /* Base */,
			);
			name = LaunchScreen.storyboard;
			sourceTree = "<group>";
		};
/* End PBXVariantGroup section */

/* Begin XCBuildConfiguration section */
		BCC7E967201B7BE9006100AB /* Debug */ = {
			isa = XCBuildConfiguration;
			buildSettings = {
				ALWAYS_SEARCH_USER_PATHS = NO;
				CLANG_ANALYZER_NONNULL = YES;
				CLANG_ANALYZER_NUMBER_OBJECT_CONVERSION = YES_AGGRESSIVE;
				CLANG_CXX_LANGUAGE_STANDARD = "gnu++14";
				CLANG_CXX_LIBRARY = "libc++";
				CLANG_ENABLE_MODULES = YES;
				CLANG_ENABLE_OBJC_ARC = YES;
				CLANG_WARN_BLOCK_CAPTURE_AUTORELEASING = YES;
				CLANG_WARN_BOOL_CONVERSION = YES;
				CLANG_WARN_COMMA = YES;
				CLANG_WARN_CONSTANT_CONVERSION = YES;
				CLANG_WARN_DIRECT_OBJC_ISA_USAGE = YES_ERROR;
				CLANG_WARN_DOCUMENTATION_COMMENTS = YES;
				CLANG_WARN_EMPTY_BODY = YES;
				CLANG_WARN_ENUM_CONVERSION = YES;
				CLANG_WARN_INFINITE_RECURSION = YES;
				CLANG_WARN_INT_CONVERSION = YES;
				CLANG_WARN_NON_LITERAL_NULL_CONVERSION = YES;
				CLANG_WARN_OBJC_LITERAL_CONVERSION = YES;
				CLANG_WARN_OBJC_ROOT_CLASS = YES_ERROR;
				CLANG_WARN_RANGE_LOOP_ANALYSIS = YES;
				CLANG_WARN_STRICT_PROTOTYPES = YES;
				CLANG_WARN_SUSPICIOUS_MOVE = YES;
				CLANG_WARN_UNGUARDED_AVAILABILITY = YES_AGGRESSIVE;
				CLANG_WARN_UNREACHABLE_CODE = YES;
				CLANG_WARN__DUPLICATE_METHOD_MATCH = YES;
				CODE_SIGN_IDENTITY = "iPhone Developer";
				COPY_PHASE_STRIP = NO;
				DEBUG_INFORMATION_FORMAT = dwarf;
				ENABLE_STRICT_OBJC_MSGSEND = YES;
				ENABLE_TESTABILITY = YES;
				GCC_C_LANGUAGE_STANDARD = gnu11;
				GCC_DYNAMIC_NO_PIC = NO;
				GCC_NO_COMMON_BLOCKS = YES;
				GCC_OPTIMIZATION_LEVEL = 0;
				GCC_PREPROCESSOR_DEFINITIONS = (
					"DEBUG=1",
					"$(inherited)",
				);
				GCC_WARN_64_TO_32_BIT_CONVERSION = YES;
				GCC_WARN_ABOUT_RETURN_TYPE = YES_ERROR;
				GCC_WARN_UNDECLARED_SELECTOR = YES;
				GCC_WARN_UNINITIALIZED_AUTOS = YES_AGGRESSIVE;
				GCC_WARN_UNUSED_FUNCTION = YES;
				GCC_WARN_UNUSED_VARIABLE = YES;
				IPHONEOS_DEPLOYMENT_TARGET = 11.2;
				MTL_ENABLE_DEBUG_INFO = YES;
				ONLY_ACTIVE_ARCH = YES;
				SDKROOT = iphoneos;
				SWIFT_ACTIVE_COMPILATION_CONDITIONS = DEBUG;
				SWIFT_OPTIMIZATION_LEVEL = "-Onone";
			};
			name = Debug;
		};
		BCC7E968201B7BE9006100AB /* Release */ = {
			isa = XCBuildConfiguration;
			buildSettings = {
				ALWAYS_SEARCH_USER_PATHS = NO;
				CLANG_ANALYZER_NONNULL = YES;
				CLANG_ANALYZER_NUMBER_OBJECT_CONVERSION = YES_AGGRESSIVE;
				CLANG_CXX_LANGUAGE_STANDARD = "gnu++14";
				CLANG_CXX_LIBRARY = "libc++";
				CLANG_ENABLE_MODULES = YES;
				CLANG_ENABLE_OBJC_ARC = YES;
				CLANG_WARN_BLOCK_CAPTURE_AUTORELEASING = YES;
				CLANG_WARN_BOOL_CONVERSION = YES;
				CLANG_WARN_COMMA = YES;
				CLANG_WARN_CONSTANT_CONVERSION = YES;
				CLANG_WARN_DIRECT_OBJC_ISA_USAGE = YES_ERROR;
				CLANG_WARN_DOCUMENTATION_COMMENTS = YES;
				CLANG_WARN_EMPTY_BODY = YES;
				CLANG_WARN_ENUM_CONVERSION = YES;
				CLANG_WARN_INFINITE_RECURSION = YES;
				CLANG_WARN_INT_CONVERSION = YES;
				CLANG_WARN_NON_LITERAL_NULL_CONVERSION = YES;
				CLANG_WARN_OBJC_LITERAL_CONVERSION = YES;
				CLANG_WARN_OBJC_ROOT_CLASS = YES_ERROR;
				CLANG_WARN_RANGE_LOOP_ANALYSIS = YES;
				CLANG_WARN_STRICT_PROTOTYPES = YES;
				CLANG_WARN_SUSPICIOUS_MOVE = YES;
				CLANG_WARN_UNGUARDED_AVAILABILITY = YES_AGGRESSIVE;
				CLANG_WARN_UNREACHABLE_CODE = YES;
				CLANG_WARN__DUPLICATE_METHOD_MATCH = YES;
				CODE_SIGN_IDENTITY = "iPhone Developer";
				COPY_PHASE_STRIP = NO;
				DEBUG_INFORMATION_FORMAT = "dwarf-with-dsym";
				ENABLE_NS_ASSERTIONS = NO;
				ENABLE_STRICT_OBJC_MSGSEND = YES;
				GCC_C_LANGUAGE_STANDARD = gnu11;
				GCC_NO_COMMON_BLOCKS = YES;
				GCC_WARN_64_TO_32_BIT_CONVERSION = YES;
				GCC_WARN_ABOUT_RETURN_TYPE = YES_ERROR;
				GCC_WARN_UNDECLARED_SELECTOR = YES;
				GCC_WARN_UNINITIALIZED_AUTOS = YES_AGGRESSIVE;
				GCC_WARN_UNUSED_FUNCTION = YES;
				GCC_WARN_UNUSED_VARIABLE = YES;
				IPHONEOS_DEPLOYMENT_TARGET = 11.2;
				MTL_ENABLE_DEBUG_INFO = NO;
				SDKROOT = iphoneos;
				SWIFT_OPTIMIZATION_LEVEL = "-Owholemodule";
				VALIDATE_PRODUCT = YES;
			};
			name = Release;
		};
		BCC7E96A201B7BE9006100AB /* Debug */ = {
			isa = XCBuildConfiguration;
			buildSettings = {
				ASSETCATALOG_COMPILER_APPICON_NAME = AppIcon;
				CODE_SIGN_STYLE = Automatic;
				INFOPLIST_FILE = 6_GettingCurrentDateTime/Info.plist;
				LD_RUNPATH_SEARCH_PATHS = "$(inherited) @executable_path/Frameworks";
				PRODUCT_BUNDLE_IDENTIFIER = "absin.--GettingCurrentDateTime";
				PRODUCT_NAME = "$(TARGET_NAME)";
				SWIFT_VERSION = 4.0;
				TARGETED_DEVICE_FAMILY = "1,2";
			};
			name = Debug;
		};
		BCC7E96B201B7BE9006100AB /* Release */ = {
			isa = XCBuildConfiguration;
			buildSettings = {
				ASSETCATALOG_COMPILER_APPICON_NAME = AppIcon;
				CODE_SIGN_STYLE = Automatic;
				INFOPLIST_FILE = 6_GettingCurrentDateTime/Info.plist;
				LD_RUNPATH_SEARCH_PATHS = "$(inherited) @executable_path/Frameworks";
				PRODUCT_BUNDLE_IDENTIFIER = "absin.--GettingCurrentDateTime";
				PRODUCT_NAME = "$(TARGET_NAME)";
				SWIFT_VERSION = 4.0;
				TARGETED_DEVICE_FAMILY = "1,2";
			};
			name = Release;
		};
/* End XCBuildConfiguration section */

/* Begin XCConfigurationList section */
		BCC7E952201B7BE9006100AB /* Build configuration list for PBXProject "6_GettingCurrentDateTime" */ = {
			isa = XCConfigurationList;
			buildConfigurations = (
				BCC7E967201B7BE9006100AB /* Debug */,
				BCC7E968201B7BE9006100AB /* Release */,
			);
			defaultConfigurationIsVisible = 0;
			defaultConfigurationName = Release;
		};
		BCC7E969201B7BE9006100AB /* Build configuration list for PBXNativeTarget "6_GettingCurrentDateTime" */ = {
			isa = XCConfigurationList;
			buildConfigurations = (
				BCC7E96A201B7BE9006100AB /* Debug */,
				BCC7E96B201B7BE9006100AB /* Release */,
			);
			defaultConfigurationIsVisible = 0;
			defaultConfigurationName = Release;
		};
/* End XCConfigurationList section */
	};
	rootObject = BCC7E94F201B7BE9006100AB /* Project object */;
}
