// !$*UTF8*$!
{
	archiveVersion = 1;
	classes = {
	};
	objectVersion = 48;
	objects = {

/* Begin PBXBuildFile section */
		BC88C86C2019C8EA0028FD31 /* AppDelegate.swift in Sources */ = {isa = PBXBuildFile; fileRef = BC88C86B2019C8EA0028FD31 /* AppDelegate.swift */; };
		BC88C86E2019C8EA0028FD31 /* ViewController.swift in Sources */ = {isa = PBXBuildFile; fileRef = BC88C86D2019C8EA0028FD31 /* ViewController.swift */; };
		BC88C8712019C8EA0028FD31 /* Main.storyboard in Resources */ = {isa = PBXBuildFile; fileRef = BC88C86F2019C8EA0028FD31 /* Main.storyboard */; };
		BC88C8732019C8EA0028FD31 /* Assets.xcassets in Resources */ = {isa = PBXBuildFile; fileRef = BC88C8722019C8EA0028FD31 /* Assets.xcassets */; };
		BC88C8762019C8EA0028FD31 /* LaunchScreen.storyboard in Resources */ = {isa = PBXBuildFile; fileRef = BC88C8742019C8EA0028FD31 /* LaunchScreen.storyboard */; };
/* End PBXBuildFile section */

/* Begin PBXFileReference section */
		BC88C8682019C8EA0028FD31 /* 4_TipCalculator.app */ = {isa = PBXFileReference; explicitFileType = wrapper.application; includeInIndex = 0; path = 4_TipCalculator.app; sourceTree = BUILT_PRODUCTS_DIR; };
		BC88C86B2019C8EA0028FD31 /* AppDelegate.swift */ = {isa = PBXFileReference; lastKnownFileType = sourcecode.swift; path = AppDelegate.swift; sourceTree = "<group>"; };
		BC88C86D2019C8EA0028FD31 /* ViewController.swift */ = {isa = PBXFileReference; lastKnownFileType = sourcecode.swift; path = ViewController.swift; sourceTree = "<group>"; };
		BC88C8702019C8EA0028FD31 /* Base */ = {isa = PBXFileReference; lastKnownFileType = file.storyboard; name = Base; path = Base.lproj/Main.storyboard; sourceTree = "<group>"; };
		BC88C8722019C8EA0028FD31 /* Assets.xcassets */ = {isa = PBXFileReference; lastKnownFileType = folder.assetcatalog; path = Assets.xcassets; sourceTree = "<group>"; };
		BC88C8752019C8EA0028FD31 /* Base */ = {isa = PBXFileReference; lastKnownFileType = file.storyboard; name = Base; path = Base.lproj/LaunchScreen.storyboard; sourceTree = "<group>"; };
		BC88C8772019C8EA0028FD31 /* Info.plist */ = {isa = PBXFileReference; lastKnownFileType = text.plist.xml; path = Info.plist; sourceTree = "<group>"; };
/* End PBXFileReference section */

/* Begin PBXFrameworksBuildPhase section */
		BC88C8652019C8EA0028FD31 /* Frameworks */ = {
			isa = PBXFrameworksBuildPhase;
			buildActionMask = 2147483647;
			files = (
			);
			runOnlyForDeploymentPostprocessing = 0;
		};
/* End PBXFrameworksBuildPhase section */

/* Begin PBXGroup section */
		BC88C85F2019C8EA0028FD31 = {
			isa = PBXGroup;
			children = (
				BC88C86A2019C8EA0028FD31 /* 4_TipCalculator */,
				BC88C8692019C8EA0028FD31 /* Products */,
			);
			sourceTree = "<group>";
		};
		BC88C8692019C8EA0028FD31 /* Products */ = {
			isa = PBXGroup;
			children = (
				BC88C8682019C8EA0028FD31 /* 4_TipCalculator.app */,
			);
			name = Products;
			sourceTree = "<group>";
		};
		BC88C86A2019C8EA0028FD31 /* 4_TipCalculator */ = {
			isa = PBXGroup;
			children = (
				BC88C86B2019C8EA0028FD31 /* AppDelegate.swift */,
				BC88C86D2019C8EA0028FD31 /* ViewController.swift */,
				BC88C86F2019C8EA0028FD31 /* Main.storyboard */,
				BC88C8722019C8EA0028FD31 /* Assets.xcassets */,
				BC88C8742019C8EA0028FD31 /* LaunchScreen.storyboard */,
				BC88C8772019C8EA0028FD31 /* Info.plist */,
			);
			path = 4_TipCalculator;
			sourceTree = "<group>";
		};
/* End PBXGroup section */

/* Begin PBXNativeTarget section */
		BC88C8672019C8EA0028FD31 /* 4_TipCalculator */ = {
			isa = PBXNativeTarget;
			buildConfigurationList = BC88C87A2019C8EA0028FD31 /* Build configuration list for PBXNativeTarget "4_TipCalculator" */;
			buildPhases = (
				BC88C8642019C8EA0028FD31 /* Sources */,
				BC88C8652019C8EA0028FD31 /* Frameworks */,
				BC88C8662019C8EA0028FD31 /* Resources */,
			);
			buildRules = (
			);
			dependencies = (
			);
			name = 4_TipCalculator;
			productName = 4_TipCalculator;
			productReference = BC88C8682019C8EA0028FD31 /* 4_TipCalculator.app */;
			productType = "com.apple.product-type.application";
		};
/* End PBXNativeTarget section */

/* Begin PBXProject section */
		BC88C8602019C8EA0028FD31 /* Project object */ = {
			isa = PBXProject;
			attributes = {
				LastSwiftUpdateCheck = 0920;
				LastUpgradeCheck = 0920;
				ORGANIZATIONNAME = absin.io;
				TargetAttributes = {
					BC88C8672019C8EA0028FD31 = {
						CreatedOnToolsVersion = 9.2;
						ProvisioningStyle = Automatic;
					};
				};
			};
			buildConfigurationList = BC88C8632019C8EA0028FD31 /* Build configuration list for PBXProject "4_TipCalculator" */;
			compatibilityVersion = "Xcode 8.0";
			developmentRegion = en;
			hasScannedForEncodings = 0;
			knownRegions = (
				en,
				Base,
			);
			mainGroup = BC88C85F2019C8EA0028FD31;
			productRefGroup = BC88C8692019C8EA0028FD31 /* Products */;
			projectDirPath = "";
			projectRoot = "";
			targets = (
				BC88C8672019C8EA0028FD31 /* 4_TipCalculator */,
			);
		};
/* End PBXProject section */

/* Begin PBXResourcesBuildPhase section */
		BC88C8662019C8EA0028FD31 /* Resources */ = {
			isa = PBXResourcesBuildPhase;
			buildActionMask = 2147483647;
			files = (
				BC88C8762019C8EA0028FD31 /* LaunchScreen.storyboard in Resources */,
				BC88C8732019C8EA0028FD31 /* Assets.xcassets in Resources */,
				BC88C8712019C8EA0028FD31 /* Main.storyboard in Resources */,
			);
			runOnlyForDeploymentPostprocessing = 0;
		};
/* End PBXResourcesBuildPhase section */

/* Begin PBXSourcesBuildPhase section */
		BC88C8642019C8EA0028FD31 /* Sources */ = {
			isa = PBXSourcesBuildPhase;
			buildActionMask = 2147483647;
			files = (
				BC88C86E2019C8EA0028FD31 /* ViewController.swift in Sources */,
				BC88C86C2019C8EA0028FD31 /* AppDelegate.swift in Sources */,
			);
			runOnlyForDeploymentPostprocessing = 0;
		};
/* End PBXSourcesBuildPhase section */

/* Begin PBXVariantGroup section */
		BC88C86F2019C8EA0028FD31 /* Main.storyboard */ = {
			isa = PBXVariantGroup;
			children = (
				BC88C8702019C8EA0028FD31 /* Base */,
			);
			name = Main.storyboard;
			sourceTree = "<group>";
		};
		BC88C8742019C8EA0028FD31 /* LaunchScreen.storyboard */ = {
			isa = PBXVariantGroup;
			children = (
				BC88C8752019C8EA0028FD31 /* Base */,
			);
			name = LaunchScreen.storyboard;
			sourceTree = "<group>";
		};
/* End PBXVariantGroup section */

/* Begin XCBuildConfiguration section */
		BC88C8782019C8EA0028FD31 /* Debug */ = {
			isa = XCBuildConfiguration;
			buildSettings = {
				ALWAYS_SEARCH_USER_PATHS = NO;
				CLANG_ANALYZER_NONNULL = YES;
				CLANG_ANALYZER_NUMBER_OBJECT_CONVERSION = YES_AGGRESSIVE;
				CLANG_CXX_LANGUAGE_STANDARD = "gnu++14";
				CLANG_CXX_LIBRARY = "libc++";
				CLANG_ENABLE_MODULES = YES;
				CLANG_ENABLE_OBJC_ARC = YES;
				CLANG_WARN_BLOCK_CAPTURE_AUTORELEASING = YES;
				CLANG_WARN_BOOL_CONVERSION = YES;
				CLANG_WARN_COMMA = YES;
				CLANG_WARN_CONSTANT_CONVERSION = YES;
				CLANG_WARN_DIRECT_OBJC_ISA_USAGE = YES_ERROR;
				CLANG_WARN_DOCUMENTATION_COMMENTS = YES;
				CLANG_WARN_EMPTY_BODY = YES;
				CLANG_WARN_ENUM_CONVERSION = YES;
				CLANG_WARN_INFINITE_RECURSION = YES;
				CLANG_WARN_INT_CONVERSION = YES;
				CLANG_WARN_NON_LITERAL_NULL_CONVERSION = YES;
				CLANG_WARN_OBJC_LITERAL_CONVERSION = YES;
				CLANG_WARN_OBJC_ROOT_CLASS = YES_ERROR;
				CLANG_WARN_RANGE_LOOP_ANALYSIS = YES;
				CLANG_WARN_STRICT_PROTOTYPES = YES;
				CLANG_WARN_SUSPICIOUS_MOVE = YES;
				CLANG_WARN_UNGUARDED_AVAILABILITY = YES_AGGRESSIVE;
				CLANG_WARN_UNREACHABLE_CODE = YES;
				CLANG_WARN__DUPLICATE_METHOD_MATCH = YES;
				CODE_SIGN_IDENTITY = "iPhone Developer";
				COPY_PHASE_STRIP = NO;
				DEBUG_INFORMATION_FORMAT = dwarf;
				ENABLE_STRICT_OBJC_MSGSEND = YES;
				ENABLE_TESTABILITY = YES;
				GCC_C_LANGUAGE_STANDARD = gnu11;
				GCC_DYNAMIC_NO_PIC = NO;
				GCC_NO_COMMON_BLOCKS = YES;
				GCC_OPTIMIZATION_LEVEL = 0;
				GCC_PREPROCESSOR_DEFINITIONS = (
					"DEBUG=1",
					"$(inherited)",
				);
				GCC_WARN_64_TO_32_BIT_CONVERSION = YES;
				GCC_WARN_ABOUT_RETURN_TYPE = YES_ERROR;
				GCC_WARN_UNDECLARED_SELECTOR = YES;
				GCC_WARN_UNINITIALIZED_AUTOS = YES_AGGRESSIVE;
				GCC_WARN_UNUSED_FUNCTION = YES;
				GCC_WARN_UNUSED_VARIABLE = YES;
				IPHONEOS_DEPLOYMENT_TARGET = 11.2;
				MTL_ENABLE_DEBUG_INFO = YES;
				ONLY_ACTIVE_ARCH = YES;
				SDKROOT = iphoneos;
				SWIFT_ACTIVE_COMPILATION_CONDITIONS = DEBUG;
				SWIFT_OPTIMIZATION_LEVEL = "-Onone";
			};
			name = Debug;
		};
		BC88C8792019C8EA0028FD31 /* Release */ = {
			isa = XCBuildConfiguration;
			buildSettings = {
				ALWAYS_SEARCH_USER_PATHS = NO;
				CLANG_ANALYZER_NONNULL = YES;
				CLANG_ANALYZER_NUMBER_OBJECT_CONVERSION = YES_AGGRESSIVE;
				CLANG_CXX_LANGUAGE_STANDARD = "gnu++14";
				CLANG_CXX_LIBRARY = "libc++";
				CLANG_ENABLE_MODULES = YES;
				CLANG_ENABLE_OBJC_ARC = YES;
				CLANG_WARN_BLOCK_CAPTURE_AUTORELEASING = YES;
				CLANG_WARN_BOOL_CONVERSION = YES;
				CLANG_WARN_COMMA = YES;
				CLANG_WARN_CONSTANT_CONVERSION = YES;
				CLANG_WARN_DIRECT_OBJC_ISA_USAGE = YES_ERROR;
				CLANG_WARN_DOCUMENTATION_COMMENTS = YES;
				CLANG_WARN_EMPTY_BODY = YES;
				CLANG_WARN_ENUM_CONVERSION = YES;
				CLANG_WARN_INFINITE_RECURSION = YES;
				CLANG_WARN_INT_CONVERSION = YES;
				CLANG_WARN_NON_LITERAL_NULL_CONVERSION = YES;
				CLANG_WARN_OBJC_LITERAL_CONVERSION = YES;
				CLANG_WARN_OBJC_ROOT_CLASS = YES_ERROR;
				CLANG_WARN_RANGE_LOOP_ANALYSIS = YES;
				CLANG_WARN_STRICT_PROTOTYPES = YES;
				CLANG_WARN_SUSPICIOUS_MOVE = YES;
				CLANG_WARN_UNGUARDED_AVAILABILITY = YES_AGGRESSIVE;
				CLANG_WARN_UNREACHABLE_CODE = YES;
				CLANG_WARN__DUPLICATE_METHOD_MATCH = YES;
				CODE_SIGN_IDENTITY = "iPhone Developer";
				COPY_PHASE_STRIP = NO;
				DEBUG_INFORMATION_FORMAT = "dwarf-with-dsym";
				ENABLE_NS_ASSERTIONS = NO;
				ENABLE_STRICT_OBJC_MSGSEND = YES;
				GCC_C_LANGUAGE_STANDARD = gnu11;
				GCC_NO_COMMON_BLOCKS = YES;
				GCC_WARN_64_TO_32_BIT_CONVERSION = YES;
				GCC_WARN_ABOUT_RETURN_TYPE = YES_ERROR;
				GCC_WARN_UNDECLARED_SELECTOR = YES;
				GCC_WARN_UNINITIALIZED_AUTOS = YES_AGGRESSIVE;
				GCC_WARN_UNUSED_FUNCTION = YES;
				GCC_WARN_UNUSED_VARIABLE = YES;
				IPHONEOS_DEPLOYMENT_TARGET = 11.2;
				MTL_ENABLE_DEBUG_INFO = NO;
				SDKROOT = iphoneos;
				SWIFT_OPTIMIZATION_LEVEL = "-Owholemodule";
				VALIDATE_PRODUCT = YES;
			};
			name = Release;
		};
		BC88C87B2019C8EA0028FD31 /* Debug */ = {
			isa = XCBuildConfiguration;
			buildSettings = {
				ASSETCATALOG_COMPILER_APPICON_NAME = AppIcon;
				CODE_SIGN_STYLE = Automatic;
				INFOPLIST_FILE = 4_TipCalculator/Info.plist;
				LD_RUNPATH_SEARCH_PATHS = "$(inherited) @executable_path/Frameworks";
				PRODUCT_BUNDLE_IDENTIFIER = "absin.--TipCalculator";
				PRODUCT_NAME = "$(TARGET_NAME)";
				SWIFT_VERSION = 4.0;
				TARGETED_DEVICE_FAMILY = "1,2";
			};
			name = Debug;
		};
		BC88C87C2019C8EA0028FD31 /* Release */ = {
			isa = XCBuildConfiguration;
			buildSettings = {
				ASSETCATALOG_COMPILER_APPICON_NAME = AppIcon;
				CODE_SIGN_STYLE = Automatic;
				INFOPLIST_FILE = 4_TipCalculator/Info.plist;
				LD_RUNPATH_SEARCH_PATHS = "$(inherited) @executable_path/Frameworks";
				PRODUCT_BUNDLE_IDENTIFIER = "absin.--TipCalculator";
				PRODUCT_NAME = "$(TARGET_NAME)";
				SWIFT_VERSION = 4.0;
				TARGETED_DEVICE_FAMILY = "1,2";
			};
			name = Release;
		};
/* End XCBuildConfiguration section */

/* Begin XCConfigurationList section */
		BC88C8632019C8EA0028FD31 /* Build configuration list for PBXProject "4_TipCalculator" */ = {
			isa = XCConfigurationList;
			buildConfigurations = (
				BC88C8782019C8EA0028FD31 /* Debug */,
				BC88C8792019C8EA0028FD31 /* Release */,
			);
			defaultConfigurationIsVisible = 0;
			defaultConfigurationName = Release;
		};
		BC88C87A2019C8EA0028FD31 /* Build configuration list for PBXNativeTarget "4_TipCalculator" */ = {
			isa = XCConfigurationList;
			buildConfigurations = (
				BC88C87B2019C8EA0028FD31 /* Debug */,
				BC88C87C2019C8EA0028FD31 /* Release */,
			);
			defaultConfigurationIsVisible = 0;
			defaultConfigurationName = Release;
		};
/* End XCConfigurationList section */
	};
	rootObject = BC88C8602019C8EA0028FD31 /* Project object */;
}
